
Microsoft Visual Studio Solution File, Format Version 12.00
# Visual Studio Version 16
VisualStudioVersion = 25.0.1706.14
MinimumVisualStudioVersion = 10.0.40219.1
Project("{FAE04EC0-301F-11D3-BF4B-00C04F79EFBC}") = "Week6StringAndArrays", "Week6StringAndArrays\Week6StringAndArrays.csproj", "{24B50EAB-2A5D-45CC-B1B0-73965E2DED0B}"
EndProject
Project("{FAE04EC0-301F-11D3-BF4B-00C04F79EFBC}") = "Arrays", "Arrays\Arrays.csproj", "{C7563247-62A8-4100-8E31-0027BC02AB6C}"
EndProject
Project("{FAE04EC0-301F-11D3-BF4B-00C04F79EFBC}") = "NumberArrays", "NumberArrays\NumberArrays.csproj", "{B2D20561-DB4D-4E10-95B2-ED81080C1831}"
EndProject
Project("{FAE04EC0-301F-11D3-BF4B-00C04F79EFBC}") = "RandomElement", "RandomElement\RandomElement.csproj", "{54DD40AD-6042-4958-959A-72477DBD9501}"
EndProject
Global
	GlobalSection(SolutionConfigurationPlatforms) = preSolution
		Debug|Any CPU = Debug|Any CPU
		Release|Any CPU = Release|Any CPU
	EndGlobalSection
	GlobalSection(ProjectConfigurationPlatforms) = postSolution
		{24B50EAB-2A5D-45CC-B1B0-73965E2DED0B}.Debug|Any CPU.ActiveCfg = Debug|Any CPU
		{24B50EAB-2A5D-45CC-B1B0-73965E2DED0B}.Debug|Any CPU.Build.0 = Debug|Any CPU
		{24B50EAB-2A5D-45CC-B1B0-73965E2DED0B}.Release|Any CPU.ActiveCfg = Release|Any CPU
		{24B50EAB-2A5D-45CC-B1B0-73965E2DED0B}.Release|Any CPU.Build.0 = Release|Any CPU
		{C7563247-62A8-4100-8E31-0027BC02AB6C}.Debug|Any CPU.ActiveCfg = Debug|Any CPU
		{C7563247-62A8-4100-8E31-0027BC02AB6C}.Debug|Any CPU.Build.0 = Debug|Any CPU
		{C7563247-62A8-4100-8E31-0027BC02AB6C}.Release|Any CPU.ActiveCfg = Release|Any CPU
		{C7563247-62A8-4100-8E31-0027BC02AB6C}.Release|Any CPU.Build.0 = Release|Any CPU
		{B2D20561-DB4D-4E10-95B2-ED81080C1831}.Debug|Any CPU.ActiveCfg = Debug|Any CPU
		{B2D20561-DB4D-4E10-95B2-ED81080C1831}.Debug|Any CPU.Build.0 = Debug|Any CPU
		{B2D20561-DB4D-4E10-95B2-ED81080C1831}.Release|Any CPU.ActiveCfg = Release|Any CPU
		{B2D20561-DB4D-4E10-95B2-ED81080C1831}.Release|Any CPU.Build.0 = Release|Any CPU
		{54DD40AD-6042-4958-959A-72477DBD9501}.Debug|Any CPU.ActiveCfg = Debug|Any CPU
		{54DD40AD-6042-4958-959A-72477DBD9501}.Debug|Any CPU.Build.0 = Debug|Any CPU
		{54DD40AD-6042-4958-959A-72477DBD9501}.Release|Any CPU.ActiveCfg = Release|Any CPU
		{54DD40AD-6042-4958-959A-72477DBD9501}.Release|Any CPU.Build.0 = Release|Any CPU
	EndGlobalSection
	GlobalSection(SolutionProperties) = preSolution
		HideSolutionNode = FALSE
	EndGlobalSection
	GlobalSection(ExtensibilityGlobals) = postSolution
		SolutionGuid = {42F6415A-9464-44C5-9C09-C6D18FC5C635}
	EndGlobalSection
EndGlobal
